
Microsoft Visual Studio Solution File, Format Version 12.00
# Visual Studio Version 16
VisualStudioVersion = 16.0.29306.81
MinimumVisualStudioVersion = 10.0.40219.1
Project("{FAE04EC0-301F-11D3-BF4B-00C04F79EFBC}") = "WindowsFormsApp1", "WindowsFormsApp1\WindowsFormsApp1.csproj", "{2EE4ADD0-4DEC-46E0-A2CA-145C8EBEBE9D}"
EndProject
Global
	GlobalSection(SolutionConfigurationPlatforms) = preSolution
		Debug|Any CPU = Debug|Any CPU
		Release|Any CPU = Release|Any CPU
	EndGlobalSection
	GlobalSection(ProjectConfigurationPlatforms) = postSolution
		{2EE4ADD0-4DEC-46E0-A2CA-145C8EBEBE9D}.Debug|Any CPU.ActiveCfg = Debug|Any CPU
		{2EE4ADD0-4DEC-46E0-A2CA-145C8EBEBE9D}.Debug|Any CPU.Build.0 = Debug|Any CPU
		{2EE4ADD0-4DEC-46E0-A2CA-145C8EBEBE9D}.Release|Any CPU.ActiveCfg = Release|Any CPU
		{2EE4ADD0-4DEC-46E0-A2CA-145C8EBEBE9D}.Release|Any CPU.Build.0 = Release|Any CPU
	EndGlobalSection
	GlobalSection(SolutionProperties) = preSolution
		HideSolutionNode = FALSE
	EndGlobalSection
	GlobalSection(ExtensibilityGlobals) = postSolution
		SolutionGuid = {24031AEF-2EB4-4AF1-810A-4337D54E8025}
	EndGlobalSection
EndGlobal
